
Microsoft Visual Studio Solution File, Format Version 12.00
# Visual Studio Version 17
VisualStudioVersion = 17.0.32002.185
MinimumVisualStudioVersion = 10.0.40219.1
Project("{FAE04EC0-301F-11D3-BF4B-00C04F79EFBC}") = "InjecaoDependencia", "InjecaoDependencia.csproj", "{ED176D2F-98C8-471D-B909-3CF15CC0FE82}"
EndProject
Global
	GlobalSection(SolutionConfigurationPlatforms) = preSolution
		Debug|Any CPU = Debug|Any CPU
		Release|Any CPU = Release|Any CPU
	EndGlobalSection
	GlobalSection(ProjectConfigurationPlatforms) = postSolution
		{ED176D2F-98C8-471D-B909-3CF15CC0FE82}.Debug|Any CPU.ActiveCfg = Debug|Any CPU
		{ED176D2F-98C8-471D-B909-3CF15CC0FE82}.Debug|Any CPU.Build.0 = Debug|Any CPU
		{ED176D2F-98C8-471D-B909-3CF15CC0FE82}.Release|Any CPU.ActiveCfg = Release|Any CPU
		{ED176D2F-98C8-471D-B909-3CF15CC0FE82}.Release|Any CPU.Build.0 = Release|Any CPU
	EndGlobalSection
	GlobalSection(SolutionProperties) = preSolution
		HideSolutionNode = FALSE
	EndGlobalSection
	GlobalSection(ExtensibilityGlobals) = postSolution
		SolutionGuid = {2C61E435-7161-44D4-AF22-D20CF564118F}
	EndGlobalSection
EndGlobal
